
Microsoft Visual Studio Solution File, Format Version 12.00
# Visual Studio Version 17
VisualStudioVersion = 17.0.31903.59
MinimumVisualStudioVersion = 10.0.40219.1
Project("{2150E333-8FDC-42A3-9474-1A3956D46DE8}") = "Libraries", "Libraries", "{809F86A1-1C4C-B159-0CD4-DF9D33D876CE}"
EndProject
Project("{FAE04EC0-301F-11D3-BF4B-00C04F79EFBC}") = "Microsoft.Spark.Api", "Libraries\Microsoft.Spark.Api\Microsoft.Spark.Api.csproj", "{78028C98-0220-4814-9A85-89901B8A1048}"
EndProject
Project("{FAE04EC0-301F-11D3-BF4B-00C04F79EFBC}") = "Microsoft.Spark.Apps", "Libraries\Microsoft.Spark.Apps\Microsoft.Spark.Apps.csproj", "{070EFFBA-F6B9-4A54-837A-2FA113C3B1A5}"
EndProject
Project("{FAE04EC0-301F-11D3-BF4B-00C04F79EFBC}") = "Microsoft.Spark.Common", "Libraries\Microsoft.Spark.Common\Microsoft.Spark.Common.csproj", "{3F857491-5BC5-43DF-9532-1801189BDA80}"
EndProject
Project("{2150E333-8FDC-42A3-9474-1A3956D46DE8}") = "Tests", "Tests", "{0AB3BF05-4346-4AA6-1389-037BE0695223}"
EndProject
Project("{FAE04EC0-301F-11D3-BF4B-00C04F79EFBC}") = "Microsoft.Spark.Api.Tests", "Tests\Microsoft.Spark.Api.Tests\Microsoft.Spark.Api.Tests.csproj", "{87DE10ED-682F-4DD4-A95E-17D5BACAFB07}"
EndProject
Project("{FAE04EC0-301F-11D3-BF4B-00C04F79EFBC}") = "Microsoft.Spark.Common.Tests", "Tests\Microsoft.Spark.Common.Tests\Microsoft.Spark.Common.Tests.csproj", "{9BADB398-949B-4D25-BF97-4A629F0D8EC9}"
EndProject
Project("{FAE04EC0-301F-11D3-BF4B-00C04F79EFBC}") = "Microsoft.Spark.Extensions.Logging", "Libraries\Microsoft.Spark.Extensions.Logging\Microsoft.Spark.Extensions.Logging.csproj", "{9D7106BE-9D88-41E6-8E22-839151E45347}"
EndProject
Project("{2150E333-8FDC-42A3-9474-1A3956D46DE8}") = "Samples", "Samples", "{5D20AA90-6969-D8BD-9DCD-8634F4692FDA}"
EndProject
Project("{FAE04EC0-301F-11D3-BF4B-00C04F79EFBC}") = "Samples.Echo", "Samples\Samples.Echo\Samples.Echo.csproj", "{B7230B40-AE25-435A-87F6-0472826B0C70}"
EndProject
Project("{FAE04EC0-301F-11D3-BF4B-00C04F79EFBC}") = "Microsoft.Spark.Extensions.Hosting", "Libraries\Microsoft.Spark.Extensions.Hosting\Microsoft.Spark.Extensions.Hosting.csproj", "{A03AD979-87E6-4024-A5E9-EE71C7D056CE}"
EndProject
Project("{FAE04EC0-301F-11D3-BF4B-00C04F79EFBC}") = "Microsoft.Spark.AspNetCore", "Libraries\Microsoft.Spark.AspNetCore\Microsoft.Spark.AspNetCore.csproj", "{638D92D5-351E-443C-B9B0-4FC2E8F86702}"
EndProject
Global
	GlobalSection(SolutionConfigurationPlatforms) = preSolution
		Debug|Any CPU = Debug|Any CPU
		Debug|x64 = Debug|x64
		Debug|x86 = Debug|x86
		Release|Any CPU = Release|Any CPU
		Release|x64 = Release|x64
		Release|x86 = Release|x86
	EndGlobalSection
	GlobalSection(ProjectConfigurationPlatforms) = postSolution
		{78028C98-0220-4814-9A85-89901B8A1048}.Debug|Any CPU.ActiveCfg = Debug|Any CPU
		{78028C98-0220-4814-9A85-89901B8A1048}.Debug|Any CPU.Build.0 = Debug|Any CPU
		{78028C98-0220-4814-9A85-89901B8A1048}.Debug|x64.ActiveCfg = Debug|Any CPU
		{78028C98-0220-4814-9A85-89901B8A1048}.Debug|x64.Build.0 = Debug|Any CPU
		{78028C98-0220-4814-9A85-89901B8A1048}.Debug|x86.ActiveCfg = Debug|Any CPU
		{78028C98-0220-4814-9A85-89901B8A1048}.Debug|x86.Build.0 = Debug|Any CPU
		{78028C98-0220-4814-9A85-89901B8A1048}.Release|Any CPU.ActiveCfg = Release|Any CPU
		{78028C98-0220-4814-9A85-89901B8A1048}.Release|Any CPU.Build.0 = Release|Any CPU
		{78028C98-0220-4814-9A85-89901B8A1048}.Release|x64.ActiveCfg = Release|Any CPU
		{78028C98-0220-4814-9A85-89901B8A1048}.Release|x64.Build.0 = Release|Any CPU
		{78028C98-0220-4814-9A85-89901B8A1048}.Release|x86.ActiveCfg = Release|Any CPU
		{78028C98-0220-4814-9A85-89901B8A1048}.Release|x86.Build.0 = Release|Any CPU
		{070EFFBA-F6B9-4A54-837A-2FA113C3B1A5}.Debug|Any CPU.ActiveCfg = Debug|Any CPU
		{070EFFBA-F6B9-4A54-837A-2FA113C3B1A5}.Debug|Any CPU.Build.0 = Debug|Any CPU
		{070EFFBA-F6B9-4A54-837A-2FA113C3B1A5}.Debug|x64.ActiveCfg = Debug|Any CPU
		{070EFFBA-F6B9-4A54-837A-2FA113C3B1A5}.Debug|x64.Build.0 = Debug|Any CPU
		{070EFFBA-F6B9-4A54-837A-2FA113C3B1A5}.Debug|x86.ActiveCfg = Debug|Any CPU
		{070EFFBA-F6B9-4A54-837A-2FA113C3B1A5}.Debug|x86.Build.0 = Debug|Any CPU
		{070EFFBA-F6B9-4A54-837A-2FA113C3B1A5}.Release|Any CPU.ActiveCfg = Release|Any CPU
		{070EFFBA-F6B9-4A54-837A-2FA113C3B1A5}.Release|Any CPU.Build.0 = Release|Any CPU
		{070EFFBA-F6B9-4A54-837A-2FA113C3B1A5}.Release|x64.ActiveCfg = Release|Any CPU
		{070EFFBA-F6B9-4A54-837A-2FA113C3B1A5}.Release|x64.Build.0 = Release|Any CPU
		{070EFFBA-F6B9-4A54-837A-2FA113C3B1A5}.Release|x86.ActiveCfg = Release|Any CPU
		{070EFFBA-F6B9-4A54-837A-2FA113C3B1A5}.Release|x86.Build.0 = Release|Any CPU
		{3F857491-5BC5-43DF-9532-1801189BDA80}.Debug|Any CPU.ActiveCfg = Debug|Any CPU
		{3F857491-5BC5-43DF-9532-1801189BDA80}.Debug|Any CPU.Build.0 = Debug|Any CPU
		{3F857491-5BC5-43DF-9532-1801189BDA80}.Debug|x64.ActiveCfg = Debug|Any CPU
		{3F857491-5BC5-43DF-9532-1801189BDA80}.Debug|x64.Build.0 = Debug|Any CPU
		{3F857491-5BC5-43DF-9532-1801189BDA80}.Debug|x86.ActiveCfg = Debug|Any CPU
		{3F857491-5BC5-43DF-9532-1801189BDA80}.Debug|x86.Build.0 = Debug|Any CPU
		{3F857491-5BC5-43DF-9532-1801189BDA80}.Release|Any CPU.ActiveCfg = Release|Any CPU
		{3F857491-5BC5-43DF-9532-1801189BDA80}.Release|Any CPU.Build.0 = Release|Any CPU
		{3F857491-5BC5-43DF-9532-1801189BDA80}.Release|x64.ActiveCfg = Release|Any CPU
		{3F857491-5BC5-43DF-9532-1801189BDA80}.Release|x64.Build.0 = Release|Any CPU
		{3F857491-5BC5-43DF-9532-1801189BDA80}.Release|x86.ActiveCfg = Release|Any CPU
		{3F857491-5BC5-43DF-9532-1801189BDA80}.Release|x86.Build.0 = Release|Any CPU
		{87DE10ED-682F-4DD4-A95E-17D5BACAFB07}.Debug|Any CPU.ActiveCfg = Debug|Any CPU
		{87DE10ED-682F-4DD4-A95E-17D5BACAFB07}.Debug|Any CPU.Build.0 = Debug|Any CPU
		{87DE10ED-682F-4DD4-A95E-17D5BACAFB07}.Debug|x64.ActiveCfg = Debug|Any CPU
		{87DE10ED-682F-4DD4-A95E-17D5BACAFB07}.Debug|x64.Build.0 = Debug|Any CPU
		{87DE10ED-682F-4DD4-A95E-17D5BACAFB07}.Debug|x86.ActiveCfg = Debug|Any CPU
		{87DE10ED-682F-4DD4-A95E-17D5BACAFB07}.Debug|x86.Build.0 = Debug|Any CPU
		{87DE10ED-682F-4DD4-A95E-17D5BACAFB07}.Release|Any CPU.ActiveCfg = Release|Any CPU
		{87DE10ED-682F-4DD4-A95E-17D5BACAFB07}.Release|Any CPU.Build.0 = Release|Any CPU
		{87DE10ED-682F-4DD4-A95E-17D5BACAFB07}.Release|x64.ActiveCfg = Release|Any CPU
		{87DE10ED-682F-4DD4-A95E-17D5BACAFB07}.Release|x64.Build.0 = Release|Any CPU
		{87DE10ED-682F-4DD4-A95E-17D5BACAFB07}.Release|x86.ActiveCfg = Release|Any CPU
		{87DE10ED-682F-4DD4-A95E-17D5BACAFB07}.Release|x86.Build.0 = Release|Any CPU
		{9BADB398-949B-4D25-BF97-4A629F0D8EC9}.Debug|Any CPU.ActiveCfg = Debug|Any CPU
		{9BADB398-949B-4D25-BF97-4A629F0D8EC9}.Debug|Any CPU.Build.0 = Debug|Any CPU
		{9BADB398-949B-4D25-BF97-4A629F0D8EC9}.Debug|x64.ActiveCfg = Debug|Any CPU
		{9BADB398-949B-4D25-BF97-4A629F0D8EC9}.Debug|x64.Build.0 = Debug|Any CPU
		{9BADB398-949B-4D25-BF97-4A629F0D8EC9}.Debug|x86.ActiveCfg = Debug|Any CPU
		{9BADB398-949B-4D25-BF97-4A629F0D8EC9}.Debug|x86.Build.0 = Debug|Any CPU
		{9BADB398-949B-4D25-BF97-4A629F0D8EC9}.Release|Any CPU.ActiveCfg = Release|Any CPU
		{9BADB398-949B-4D25-BF97-4A629F0D8EC9}.Release|Any CPU.Build.0 = Release|Any CPU
		{9BADB398-949B-4D25-BF97-4A629F0D8EC9}.Release|x64.ActiveCfg = Release|Any CPU
		{9BADB398-949B-4D25-BF97-4A629F0D8EC9}.Release|x64.Build.0 = Release|Any CPU
		{9BADB398-949B-4D25-BF97-4A629F0D8EC9}.Release|x86.ActiveCfg = Release|Any CPU
		{9BADB398-949B-4D25-BF97-4A629F0D8EC9}.Release|x86.Build.0 = Release|Any CPU
		{9D7106BE-9D88-41E6-8E22-839151E45347}.Debug|Any CPU.ActiveCfg = Debug|Any CPU
		{9D7106BE-9D88-41E6-8E22-839151E45347}.Debug|Any CPU.Build.0 = Debug|Any CPU
		{9D7106BE-9D88-41E6-8E22-839151E45347}.Debug|x64.ActiveCfg = Debug|Any CPU
		{9D7106BE-9D88-41E6-8E22-839151E45347}.Debug|x64.Build.0 = Debug|Any CPU
		{9D7106BE-9D88-41E6-8E22-839151E45347}.Debug|x86.ActiveCfg = Debug|Any CPU
		{9D7106BE-9D88-41E6-8E22-839151E45347}.Debug|x86.Build.0 = Debug|Any CPU
		{9D7106BE-9D88-41E6-8E22-839151E45347}.Release|Any CPU.ActiveCfg = Release|Any CPU
		{9D7106BE-9D88-41E6-8E22-839151E45347}.Release|Any CPU.Build.0 = Release|Any CPU
		{9D7106BE-9D88-41E6-8E22-839151E45347}.Release|x64.ActiveCfg = Release|Any CPU
		{9D7106BE-9D88-41E6-8E22-839151E45347}.Release|x64.Build.0 = Release|Any CPU
		{9D7106BE-9D88-41E6-8E22-839151E45347}.Release|x86.ActiveCfg = Release|Any CPU
		{9D7106BE-9D88-41E6-8E22-839151E45347}.Release|x86.Build.0 = Release|Any CPU
		{B7230B40-AE25-435A-87F6-0472826B0C70}.Debug|Any CPU.ActiveCfg = Debug|Any CPU
		{B7230B40-AE25-435A-87F6-0472826B0C70}.Debug|Any CPU.Build.0 = Debug|Any CPU
		{B7230B40-AE25-435A-87F6-0472826B0C70}.Debug|x64.ActiveCfg = Debug|Any CPU
		{B7230B40-AE25-435A-87F6-0472826B0C70}.Debug|x64.Build.0 = Debug|Any CPU
		{B7230B40-AE25-435A-87F6-0472826B0C70}.Debug|x86.ActiveCfg = Debug|Any CPU
		{B7230B40-AE25-435A-87F6-0472826B0C70}.Debug|x86.Build.0 = Debug|Any CPU
		{B7230B40-AE25-435A-87F6-0472826B0C70}.Release|Any CPU.ActiveCfg = Release|Any CPU
		{B7230B40-AE25-435A-87F6-0472826B0C70}.Release|Any CPU.Build.0 = Release|Any CPU
		{B7230B40-AE25-435A-87F6-0472826B0C70}.Release|x64.ActiveCfg = Release|Any CPU
		{B7230B40-AE25-435A-87F6-0472826B0C70}.Release|x64.Build.0 = Release|Any CPU
		{B7230B40-AE25-435A-87F6-0472826B0C70}.Release|x86.ActiveCfg = Release|Any CPU
		{B7230B40-AE25-435A-87F6-0472826B0C70}.Release|x86.Build.0 = Release|Any CPU
		{A03AD979-87E6-4024-A5E9-EE71C7D056CE}.Debug|Any CPU.ActiveCfg = Debug|Any CPU
		{A03AD979-87E6-4024-A5E9-EE71C7D056CE}.Debug|Any CPU.Build.0 = Debug|Any CPU
		{A03AD979-87E6-4024-A5E9-EE71C7D056CE}.Debug|x64.ActiveCfg = Debug|Any CPU
		{A03AD979-87E6-4024-A5E9-EE71C7D056CE}.Debug|x64.Build.0 = Debug|Any CPU
		{A03AD979-87E6-4024-A5E9-EE71C7D056CE}.Debug|x86.ActiveCfg = Debug|Any CPU
		{A03AD979-87E6-4024-A5E9-EE71C7D056CE}.Debug|x86.Build.0 = Debug|Any CPU
		{A03AD979-87E6-4024-A5E9-EE71C7D056CE}.Release|Any CPU.ActiveCfg = Release|Any CPU
		{A03AD979-87E6-4024-A5E9-EE71C7D056CE}.Release|Any CPU.Build.0 = Release|Any CPU
		{A03AD979-87E6-4024-A5E9-EE71C7D056CE}.Release|x64.ActiveCfg = Release|Any CPU
		{A03AD979-87E6-4024-A5E9-EE71C7D056CE}.Release|x64.Build.0 = Release|Any CPU
		{A03AD979-87E6-4024-A5E9-EE71C7D056CE}.Release|x86.ActiveCfg = Release|Any CPU
		{A03AD979-87E6-4024-A5E9-EE71C7D056CE}.Release|x86.Build.0 = Release|Any CPU
		{638D92D5-351E-443C-B9B0-4FC2E8F86702}.Debug|Any CPU.ActiveCfg = Debug|Any CPU
		{638D92D5-351E-443C-B9B0-4FC2E8F86702}.Debug|Any CPU.Build.0 = Debug|Any CPU
		{638D92D5-351E-443C-B9B0-4FC2E8F86702}.Debug|x64.ActiveCfg = Debug|Any CPU
		{638D92D5-351E-443C-B9B0-4FC2E8F86702}.Debug|x64.Build.0 = Debug|Any CPU
		{638D92D5-351E-443C-B9B0-4FC2E8F86702}.Debug|x86.ActiveCfg = Debug|Any CPU
		{638D92D5-351E-443C-B9B0-4FC2E8F86702}.Debug|x86.Build.0 = Debug|Any CPU
		{638D92D5-351E-443C-B9B0-4FC2E8F86702}.Release|Any CPU.ActiveCfg = Release|Any CPU
		{638D92D5-351E-443C-B9B0-4FC2E8F86702}.Release|Any CPU.Build.0 = Release|Any CPU
		{638D92D5-351E-443C-B9B0-4FC2E8F86702}.Release|x64.ActiveCfg = Release|Any CPU
		{638D92D5-351E-443C-B9B0-4FC2E8F86702}.Release|x64.Build.0 = Release|Any CPU
		{638D92D5-351E-443C-B9B0-4FC2E8F86702}.Release|x86.ActiveCfg = Release|Any CPU
		{638D92D5-351E-443C-B9B0-4FC2E8F86702}.Release|x86.Build.0 = Release|Any CPU
	EndGlobalSection
	GlobalSection(SolutionProperties) = preSolution
		HideSolutionNode = FALSE
	EndGlobalSection
	GlobalSection(NestedProjects) = preSolution
		{78028C98-0220-4814-9A85-89901B8A1048} = {809F86A1-1C4C-B159-0CD4-DF9D33D876CE}
		{070EFFBA-F6B9-4A54-837A-2FA113C3B1A5} = {809F86A1-1C4C-B159-0CD4-DF9D33D876CE}
		{3F857491-5BC5-43DF-9532-1801189BDA80} = {809F86A1-1C4C-B159-0CD4-DF9D33D876CE}
		{87DE10ED-682F-4DD4-A95E-17D5BACAFB07} = {0AB3BF05-4346-4AA6-1389-037BE0695223}
		{9BADB398-949B-4D25-BF97-4A629F0D8EC9} = {0AB3BF05-4346-4AA6-1389-037BE0695223}
		{9D7106BE-9D88-41E6-8E22-839151E45347} = {809F86A1-1C4C-B159-0CD4-DF9D33D876CE}
		{B7230B40-AE25-435A-87F6-0472826B0C70} = {5D20AA90-6969-D8BD-9DCD-8634F4692FDA}
		{A03AD979-87E6-4024-A5E9-EE71C7D056CE} = {809F86A1-1C4C-B159-0CD4-DF9D33D876CE}
		{638D92D5-351E-443C-B9B0-4FC2E8F86702} = {809F86A1-1C4C-B159-0CD4-DF9D33D876CE}
	EndGlobalSection
EndGlobal
